{
  "nodes": {
    "flake-utils": {
      "locked": {
        "lastModified": 1659877975,
        "narHash": "sha256-zllb8aq3YO3h8B/U0/J1WBgAL8EX5yWf5pMj3G0NAmc=",
        "owner": "numtide",
        "repo": "flake-utils",
        "rev": "c0e246b9b83f637f4681389ecabcb2681b4f3af0",
        "type": "github"
      },
      "original": {
        "owner": "numtide",
        "repo": "flake-utils",
        "type": "github"
      }
    },
    "nixpkgs": {
      "locked": {
        "lastModified": 1716457947,
        "narHash": "sha256-Y+exebcqeprnhEpoPJrEUZmNeO60qeOxkVHhqG/OEwQ=",
        "owner": "nixos",
        "repo": "nixpkgs",
        "rev": "69493a13eaea0dc4682fd07e8a084f17813dbeeb",
        "type": "github"
      },
      "original": {
        "owner": "nixos",
        "repo": "nixpkgs",
        "rev": "69493a13eaea0dc4682fd07e8a084f17813dbeeb",
        "type": "github"
      }
    },
    "nixpkgs-unstable": {
      "locked": {
        "lastModified": 1769170682,
        "narHash": "sha256-oMmN1lVQU0F0W2k6OI3bgdzp2YOHWYUAw79qzDSjenU=",
        "owner": "NixOS",
        "repo": "nixpkgs",
        "rev": "c5296fdd05cfa2c187990dd909864da9658df755",
        "type": "github"
      },
      "original": {
        "owner": "NixOS",
        "ref": "nixos-unstable",
        "repo": "nixpkgs",
        "type": "github"
      }
    },
    "nixpkgs_2": {
      "locked": {
        "lastModified": 1744306051,
        "narHash": "sha256-jWwqkmi8cplBu4CXUb4zdfpqKp3UJYVAs/b5m8M75sg=",
        "owner": "runtimeverification",
        "repo": "nixpkgs",
        "rev": "e9a77bb24d408d3898f6a11fb065d350d6bc71f1",
        "type": "github"
      },
      "original": {
        "owner": "runtimeverification",
        "ref": "libmatch",
        "repo": "nixpkgs",
        "type": "github"
      }
    },
    "pyproject-build-systems": {
      "inputs": {
        "nixpkgs": [
          "uv2nix",
          "nixpkgs"
        ],
        "pyproject-nix": [
          "uv2nix",
          "pyproject-nix"
        ],
        "uv2nix": [
          "uv2nix"
        ]
      },
      "locked": {
        "lastModified": 1761781027,
        "narHash": "sha256-YDvxPAm2WnxrznRqWwHLjryBGG5Ey1ATEJXrON+TWt8=",
        "owner": "pyproject-nix",
        "repo": "build-system-pkgs",
        "rev": "795a980d25301e5133eca37adae37283ec3c8e66",
        "type": "github"
      },
      "original": {
        "owner": "pyproject-nix",
        "repo": "build-system-pkgs",
        "rev": "795a980d25301e5133eca37adae37283ec3c8e66",
        "type": "github"
      }
    },
    "pyproject-nix": {
      "inputs": {
        "nixpkgs": [
          "uv2nix",
          "nixpkgs"
        ]
      },
      "locked": {
        "lastModified": 1760402624,
        "narHash": "sha256-jF6UKLs2uGc2rtved8Vrt58oTWjTQoAssuYs/0578Z4=",
        "owner": "pyproject-nix",
        "repo": "pyproject.nix",
        "rev": "84c4ea102127c77058ea1ed7be7300261fafc7d2",
        "type": "github"
      },
      "original": {
        "owner": "pyproject-nix",
        "repo": "pyproject.nix",
        "type": "github"
      }
    },
    "root": {
      "inputs": {
        "flake-utils": "flake-utils",
        "nixpkgs": [
          "rv-nix-tools",
          "nixpkgs"
        ],
        "nixpkgs-unstable": "nixpkgs-unstable",
        "pyproject-build-systems": "pyproject-build-systems",
        "pyproject-nix": [
          "uv2nix",
          "pyproject-nix"
        ],
        "rv-nix-tools": "rv-nix-tools",
        "uv2nix": "uv2nix"
      }
    },
    "rv-nix-tools": {
      "inputs": {
        "nixpkgs": "nixpkgs"
      },
      "locked": {
        "lastModified": 1726497185,
        "narHash": "sha256-iN+5eLmDm/rLuIZezS5ZqiW1BtBpwrrM9CPPP7Z5Tog=",
        "owner": "runtimeverification",
        "repo": "rv-nix-tools",
        "rev": "854d4f05ea78547d46e807b414faad64cea10ae4",
        "type": "github"
      },
      "original": {
        "owner": "runtimeverification",
        "repo": "rv-nix-tools",
        "rev": "854d4f05ea78547d46e807b414faad64cea10ae4",
        "type": "github"
      }
    },
    "uv2nix": {
      "inputs": {
        "nixpkgs": "nixpkgs_2",
        "pyproject-nix": "pyproject-nix"
      },
      "locked": {
        "lastModified": 1763017287,
        "narHash": "sha256-6mv/3f2v2ZDnL1PKy32kpaIfLfGBtGVBrqpFZCXzFzI=",
        "owner": "pyproject-nix",
        "repo": "uv2nix",
        "rev": "c8cf711802cb00b2e05d5c54d3486fce7bfc8f7c",
        "type": "github"
      },
      "original": {
        "owner": "pyproject-nix",
        "repo": "uv2nix",
        "rev": "c8cf711802cb00b2e05d5c54d3486fce7bfc8f7c",
        "type": "github"
      }
    }
  },
  "root": "root",
  "version": 7
}
